
Microsoft Visual Studio Solution File, Format Version 12.00
# Visual Studio Version 17
VisualStudioVersion = 17.9.34622.214
MinimumVisualStudioVersion = 10.0.40219.1
Project("{FAE04EC0-301F-11D3-BF4B-00C04F79EFBC}") = "WindowsFormsApp8", "WindowsFormsApp8.csproj", "{20DAE29F-8F05-4767-AA60-176D7E075D10}"
EndProject
Global
	GlobalSection(SolutionConfigurationPlatforms) = preSolution
		Debug|Any CPU = Debug|Any CPU
		Release|Any CPU = Release|Any CPU
	EndGlobalSection
	GlobalSection(ProjectConfigurationPlatforms) = postSolution
		{20DAE29F-8F05-4767-AA60-176D7E075D10}.Debug|Any CPU.ActiveCfg = Debug|Any CPU
		{20DAE29F-8F05-4767-AA60-176D7E075D10}.Debug|Any CPU.Build.0 = Debug|Any CPU
		{20DAE29F-8F05-4767-AA60-176D7E075D10}.Release|Any CPU.ActiveCfg = Release|Any CPU
		{20DAE29F-8F05-4767-AA60-176D7E075D10}.Release|Any CPU.Build.0 = Release|Any CPU
	EndGlobalSection
	GlobalSection(SolutionProperties) = preSolution
		HideSolutionNode = FALSE
	EndGlobalSection
	GlobalSection(ExtensibilityGlobals) = postSolution
		SolutionGuid = {405B5FE6-FF7B-4408-957B-21F061C01770}
	EndGlobalSection
EndGlobal
